Microsoft Visual Studio Solution File, Format Version 12.00
# Visual Studio Version 16
VisualStudioVersion = 16.0.31624.102
MinimumVisualStudioVersion = 10.0.40219.1
Project("{8BC9CEB8-8B4A-11D0-8D11-00A0C91BC942}") = "StormLib", "StormLib_vs19.vcxproj", "{78424708-1F6E-4D4B-920C-FB6D26847055}"
EndProject
Project("{8BC9CEB8-8B4A-11D0-8D11-00A0C91BC942}") = "StormLib_dll", "StormLib_vs19_dll.vcxproj", "{CB385198-50B1-4CF4-883B-11F042DED6AA}"
EndProject
Project("{8BC9CEB8-8B4A-11D0-8D11-00A0C91BC942}") = "StormLib_test", "StormLib_vs19_test.vcxproj", "{AA561A7B-26EA-49AF-90E8-C53C1FA2965D}"
EndProject
Project("{8BC9CEB8-8B4A-11D0-8D11-00A0C91BC942}") = "ManagedStormLib", "ManagedStormLib.vcxproj", "{A9585BF5-478C-4D70-AEB9-0FA3BD53BEFF}"
	ProjectSection(ProjectDependencies) = postProject
		{78424708-1F6E-4D4B-920C-FB6D26847055} = {78424708-1F6E-4D4B-920C-FB6D26847055}
	EndProjectSection
EndProject
Project("{9A19103F-16F7-4668-BE54-9A1E7A4F7556}") = "ManagedStormLib_test", "test_managed\ManagedStormLib_test.csproj", "{3CB6DA14-024D-473A-AD34-039D36BCDB14}"
EndProject
Global
	GlobalSection(SolutionConfigurationPlatforms) = preSolution
		Debug|Any CPU = Debug|Any CPU
		Debug|Win32 = Debug|Win32
		Debug|x64 = Debug|x64
		Debug|x86 = Debug|x86
		DebugAD|Any CPU = DebugAD|Any CPU
		DebugAD|Win32 = DebugAD|Win32
		DebugAD|x64 = DebugAD|x64
		DebugAD|x86 = DebugAD|x86
		DebugAS|Any CPU = DebugAS|Any CPU
		DebugAS|Win32 = DebugAS|Win32
		DebugAS|x64 = DebugAS|x64
		DebugAS|x86 = DebugAS|x86
		DebugManaged|Any CPU = DebugManaged|Any CPU
		DebugManaged|Win32 = DebugManaged|Win32
		DebugManaged|x64 = DebugManaged|x64
		DebugManaged|x86 = DebugManaged|x86
		DebugUD|Any CPU = DebugUD|Any CPU
		DebugUD|Win32 = DebugUD|Win32
		DebugUD|x64 = DebugUD|x64
		DebugUD|x86 = DebugUD|x86
		DebugUS|Any CPU = DebugUS|Any CPU
		DebugUS|Win32 = DebugUS|Win32
		DebugUS|x64 = DebugUS|x64
		DebugUS|x86 = DebugUS|x86
		Release|Any CPU = Release|Any CPU
		Release|Win32 = Release|Win32
		Release|x64 = Release|x64
		Release|x86 = Release|x86
		ReleaseAD|Any CPU = ReleaseAD|Any CPU
		ReleaseAD|Win32 = ReleaseAD|Win32
		ReleaseAD|x64 = ReleaseAD|x64
		ReleaseAD|x86 = ReleaseAD|x86
		ReleaseAS|Any CPU = ReleaseAS|Any CPU
		ReleaseAS|Win32 = ReleaseAS|Win32
		ReleaseAS|x64 = ReleaseAS|x64
		ReleaseAS|x86 = ReleaseAS|x86
		ReleaseManaged|Any CPU = ReleaseManaged|Any CPU
		ReleaseManaged|Win32 = ReleaseManaged|Win32
		ReleaseManaged|x64 = ReleaseManaged|x64
		ReleaseManaged|x86 = ReleaseManaged|x86
		ReleaseUD|Any CPU = ReleaseUD|Any CPU
		ReleaseUD|Win32 = ReleaseUD|Win32
		ReleaseUD|x64 = ReleaseUD|x64
		ReleaseUD|x86 = ReleaseUD|x86
		ReleaseUS|Any CPU = ReleaseUS|Any CPU
		ReleaseUS|Win32 = ReleaseUS|Win32
		ReleaseUS|x64 = ReleaseUS|x64
		ReleaseUS|x86 = ReleaseUS|x86
	EndGlobalSection
	GlobalSection(ProjectConfigurationPlatforms) = postSolution
		{78424708-1F6E-4D4B-920C-FB6D26847055}.Debug|Any CPU.ActiveCfg = ReleaseUD|x64
		{78424708-1F6E-4D4B-920C-FB6D26847055}.Debug|Any CPU.Build.0 = ReleaseUD|x64
		{78424708-1F6E-4D4B-920C-FB6D26847055}.Debug|Win32.ActiveCfg = DebugUS|Win32
		{78424708-1F6E-4D4B-920C-FB6D26847055}.Debug|Win32.Build.0 = DebugUS|Win32
		{78424708-1F6E-4D4B-920C-FB6D26847055}.Debug|x64.ActiveCfg = DebugUS|x64
		{78424708-1F6E-4D4B-920C-FB6D26847055}.Debug|x64.Build.0 = DebugUS|x64
		{78424708-1F6E-4D4B-920C-FB6D26847055}.Debug|x86.ActiveCfg = DebugUS|Win32
		{78424708-1F6E-4D4B-920C-FB6D26847055}.Debug|x86.Build.0 = DebugUS|Win32
		{78424708-1F6E-4D4B-920C-FB6D26847055}.DebugAD|Any CPU.ActiveCfg = DebugAD|Win32
		{78424708-1F6E-4D4B-920C-FB6D26847055}.DebugAD|Win32.ActiveCfg = DebugAD|Win32
		{78424708-1F6E-4D4B-920C-FB6D26847055}.DebugAD|Win32.Build.0 = DebugAD|Win32
		{78424708-1F6E-4D4B-920C-FB6D26847055}.DebugAD|x64.ActiveCfg = DebugAD|x64
		{78424708-1F6E-4D4B-920C-FB6D26847055}.DebugAD|x64.Build.0 = DebugAD|x64
		{78424708-1F6E-4D4B-920C-FB6D26847055}.DebugAD|x86.ActiveCfg = DebugAD|Win32
		{78424708-1F6E-4D4B-920C-FB6D26847055}.DebugAD|x86.Build.0 = DebugAD|Win32
		{78424708-1F6E-4D4B-920C-FB6D26847055}.DebugAS|Any CPU.ActiveCfg = DebugAS|Win32
		{78424708-1F6E-4D4B-920C-FB6D26847055}.DebugAS|Win32.ActiveCfg = DebugAS|Win32
		{78424708-1F6E-4D4B-920C-FB6D26847055}.DebugAS|Win32.Build.0 = DebugAS|Win32
		{78424708-1F6E-4D4B-920C-FB6D26847055}.DebugAS|x64.ActiveCfg = DebugAS|x64
		{78424708-1F6E-4D4B-920C-FB6D26847055}.DebugAS|x64.Build.0 = DebugAS|x64
		{78424708-1F6E-4D4B-920C-FB6D26847055}.DebugAS|x86.ActiveCfg = DebugAS|Win32
		{78424708-1F6E-4D4B-920C-FB6D26847055}.DebugAS|x86.Build.0 = DebugAS|Win32
		{78424708-1F6E-4D4B-920C-FB6D26847055}.DebugManaged|Any CPU.ActiveCfg = DebugManaged|Win32
		{78424708-1F6E-4D4B-920C-FB6D26847055}.DebugManaged|Win32.ActiveCfg = DebugManaged|Win32
		{78424708-1F6E-4D4B-920C-FB6D26847055}.DebugManaged|x64.ActiveCfg = DebugManaged|x64
		{78424708-1F6E-4D4B-920C-FB6D26847055}.DebugManaged|x86.ActiveCfg = DebugUS|Win32
		{78424708-1F6E-4D4B-920C-FB6D26847055}.DebugUD|Any CPU.ActiveCfg = DebugUD|Win32
		{78424708-1F6E-4D4B-920C-FB6D26847055}.DebugUD|Win32.ActiveCfg = DebugUD|Win32
		{78424708-1F6E-4D4B-920C-FB6D26847055}.DebugUD|Win32.Build.0 = DebugUD|Win32
		{78424708-1F6E-4D4B-920C-FB6D26847055}.DebugUD|x64.ActiveCfg = DebugUD|x64
		{78424708-1F6E-4D4B-920C-FB6D26847055}.DebugUD|x64.Build.0 = DebugUD|x64
		{78424708-1F6E-4D4B-920C-FB6D26847055}.DebugUD|x86.ActiveCfg = DebugUD|Win32
		{78424708-1F6E-4D4B-920C-FB6D26847055}.DebugUD|x86.Build.0 = DebugUD|Win32
		{78424708-1F6E-4D4B-920C-FB6D26847055}.DebugUS|Any CPU.ActiveCfg = DebugUS|Win32
		{78424708-1F6E-4D4B-920C-FB6D26847055}.DebugUS|Win32.ActiveCfg = DebugUS|Win32
		{78424708-1F6E-4D4B-920C-FB6D26847055}.DebugUS|Win32.Build.0 = DebugUS|Win32
		{78424708-1F6E-4D4B-920C-FB6D26847055}.DebugUS|x64.ActiveCfg = DebugUS|x64
		{78424708-1F6E-4D4B-920C-FB6D26847055}.DebugUS|x64.Build.0 = DebugUS|x64
		{78424708-1F6E-4D4B-920C-FB6D26847055}.DebugUS|x86.ActiveCfg = DebugUS|Win32
		{78424708-1F6E-4D4B-920C-FB6D26847055}.DebugUS|x86.Build.0 = DebugUS|Win32
		{78424708-1F6E-4D4B-920C-FB6D26847055}.Release|Any CPU.ActiveCfg = ReleaseUD|x64
		{78424708-1F6E-4D4B-920C-FB6D26847055}.Release|Any CPU.Build.0 = ReleaseUD|x64
		{78424708-1F6E-4D4B-920C-FB6D26847055}.Release|Win32.ActiveCfg = ReleaseUS|Win32
		{78424708-1F6E-4D4B-920C-FB6D26847055}.Release|Win32.Build.0 = ReleaseUS|Win32
		{78424708-1F6E-4D4B-920C-FB6D26847055}.Release|x64.ActiveCfg = ReleaseUS|x64
		{78424708-1F6E-4D4B-920C-FB6D26847055}.Release|x64.Build.0 = ReleaseUS|x64
		{78424708-1F6E-4D4B-920C-FB6D26847055}.Release|x86.ActiveCfg = ReleaseUS|Win32
		{78424708-1F6E-4D4B-920C-FB6D26847055}.Release|x86.Build.0 = ReleaseUS|Win32
		{78424708-1F6E-4D4B-920C-FB6D26847055}.ReleaseAD|Any CPU.ActiveCfg = ReleaseAD|Win32
		{78424708-1F6E-4D4B-920C-FB6D26847055}.ReleaseAD|Win32.ActiveCfg = ReleaseAD|Win32
		{78424708-1F6E-4D4B-920C-FB6D26847055}.ReleaseAD|Win32.Build.0 = ReleaseAD|Win32
		{78424708-1F6E-4D4B-920C-FB6D26847055}.ReleaseAD|x64.ActiveCfg = ReleaseAD|x64
		{78424708-1F6E-4D4B-920C-FB6D26847055}.ReleaseAD|x64.Build.0 = ReleaseAD|x64
		{78424708-1F6E-4D4B-920C-FB6D26847055}.ReleaseAD|x86.ActiveCfg = ReleaseAD|Win32
		{78424708-1F6E-4D4B-920C-FB6D26847055}.ReleaseAD|x86.Build.0 = ReleaseAD|Win32
		{78424708-1F6E-4D4B-920C-FB6D26847055}.ReleaseAS|Any CPU.ActiveCfg = ReleaseAS|Win32
		{78424708-1F6E-4D4B-920C-FB6D26847055}.ReleaseAS|Win32.ActiveCfg = ReleaseAS|Win32
		{78424708-1F6E-4D4B-920C-FB6D26847055}.ReleaseAS|Win32.Build.0 = ReleaseAS|Win32
		{78424708-1F6E-4D4B-920C-FB6D26847055}.ReleaseAS|x64.ActiveCfg = ReleaseAS|x64
		{78424708-1F6E-4D4B-920C-FB6D26847055}.ReleaseAS|x64.Build.0 = ReleaseAS|x64
		{78424708-1F6E-4D4B-920C-FB6D26847055}.ReleaseAS|x86.ActiveCfg = ReleaseAS|Win32
		{78424708-1F6E-4D4B-920C-FB6D26847055}.ReleaseAS|x86.Build.0 = ReleaseAS|Win32
		{78424708-1F6E-4D4B-920C-FB6D26847055}.ReleaseManaged|Any CPU.ActiveCfg = ReleaseManaged|Win32
		{78424708-1F6E-4D4B-920C-FB6D26847055}.ReleaseManaged|Win32.ActiveCfg = ReleaseManaged|Win32
		{78424708-1F6E-4D4B-920C-FB6D26847055}.ReleaseManaged|x64.ActiveCfg = ReleaseManaged|x64
		{78424708-1F6E-4D4B-920C-FB6D26847055}.ReleaseManaged|x86.ActiveCfg = ReleaseUS|Win32
		{78424708-1F6E-4D4B-920C-FB6D26847055}.ReleaseUD|Any CPU.ActiveCfg = ReleaseUD|Win32
		{78424708-1F6E-4D4B-920C-FB6D26847055}.ReleaseUD|Win32.ActiveCfg = ReleaseUD|Win32
		{78424708-1F6E-4D4B-920C-FB6D26847055}.ReleaseUD|Win32.Build.0 = ReleaseUD|Win32
		{78424708-1F6E-4D4B-920C-FB6D26847055}.ReleaseUD|x64.ActiveCfg = ReleaseUD|x64
		{78424708-1F6E-4D4B-920C-FB6D26847055}.ReleaseUD|x64.Build.0 = ReleaseUD|x64
		{78424708-1F6E-4D4B-920C-FB6D26847055}.ReleaseUD|x86.ActiveCfg = ReleaseUD|Win32
		{78424708-1F6E-4D4B-920C-FB6D26847055}.ReleaseUD|x86.Build.0 = ReleaseUD|Win32
		{78424708-1F6E-4D4B-920C-FB6D26847055}.ReleaseUS|Any CPU.ActiveCfg = ReleaseUS|Win32
		{78424708-1F6E-4D4B-920C-FB6D26847055}.ReleaseUS|Win32.ActiveCfg = ReleaseUS|Win32
		{78424708-1F6E-4D4B-920C-FB6D26847055}.ReleaseUS|Win32.Build.0 = ReleaseUS|Win32
		{78424708-1F6E-4D4B-920C-FB6D26847055}.ReleaseUS|x64.ActiveCfg = ReleaseUS|x64
		{78424708-1F6E-4D4B-920C-FB6D26847055}.ReleaseUS|x64.Build.0 = ReleaseUS|x64
		{78424708-1F6E-4D4B-920C-FB6D26847055}.ReleaseUS|x86.ActiveCfg = ReleaseUS|Win32
		{78424708-1F6E-4D4B-920C-FB6D26847055}.ReleaseUS|x86.Build.0 = ReleaseUS|Win32
		{CB385198-50B1-4CF4-883B-11F042DED6AA}.Debug|Any CPU.ActiveCfg = Debug|Win32
		{CB385198-50B1-4CF4-883B-11F042DED6AA}.Debug|Win32.ActiveCfg = Debug|Win32
		{CB385198-50B1-4CF4-883B-11F042DED6AA}.Debug|Win32.Build.0 = Debug|Win32
		{CB385198-50B1-4CF4-883B-11F042DED6AA}.Debug|x64.ActiveCfg = Debug|x64
		{CB385198-50B1-4CF4-883B-11F042DED6AA}.Debug|x64.Build.0 = Debug|x64
		{CB385198-50B1-4CF4-883B-11F042DED6AA}.Debug|x86.ActiveCfg = Debug|Win32
		{CB385198-50B1-4CF4-883B-11F042DED6AA}.Debug|x86.Build.0 = Debug|Win32
		{CB385198-50B1-4CF4-883B-11F042DED6AA}.DebugAD|Any CPU.ActiveCfg = Release|x64
		{CB385198-50B1-4CF4-883B-11F042DED6AA}.DebugAD|Any CPU.Build.0 = Release|x64
		{CB385198-50B1-4CF4-883B-11F042DED6AA}.DebugAD|Win32.ActiveCfg = Debug|Win32
		{CB385198-50B1-4CF4-883B-11F042DED6AA}.DebugAD|Win32.Build.0 = Debug|Win32
		{CB385198-50B1-4CF4-883B-11F042DED6AA}.DebugAD|x64.ActiveCfg = Debug|x64
		{CB385198-50B1-4CF4-883B-11F042DED6AA}.DebugAD|x64.Build.0 = Debug|x64
		{CB385198-50B1-4CF4-883B-11F042DED6AA}.DebugAD|x86.ActiveCfg = DebugManaged|Win32
		{CB385198-50B1-4CF4-883B-11F042DED6AA}.DebugAS|Any CPU.ActiveCfg = Release|x64
		{CB385198-50B1-4CF4-883B-11F042DED6AA}.DebugAS|Any CPU.Build.0 = Release|x64
		{CB385198-50B1-4CF4-883B-11F042DED6AA}.DebugAS|Win32.ActiveCfg = Debug|Win32
		{CB385198-50B1-4CF4-883B-11F042DED6AA}.DebugAS|Win32.Build.0 = Debug|Win32
		{CB385198-50B1-4CF4-883B-11F042DED6AA}.DebugAS|x64.ActiveCfg = Debug|x64
		{CB385198-50B1-4CF4-883B-11F042DED6AA}.DebugAS|x64.Build.0 = Debug|x64
		{CB385198-50B1-4CF4-883B-11F042DED6AA}.DebugAS|x86.ActiveCfg = DebugManaged|Win32
		{CB385198-50B1-4CF4-883B-11F042DED6AA}.DebugManaged|Any CPU.ActiveCfg = DebugManaged|Win32
		{CB385198-50B1-4CF4-883B-11F042DED6AA}.DebugManaged|Win32.ActiveCfg = DebugManaged|Win32
		{CB385198-50B1-4CF4-883B-11F042DED6AA}.DebugManaged|x64.ActiveCfg = DebugManaged|x64
		{CB385198-50B1-4CF4-883B-11F042DED6AA}.DebugManaged|x86.ActiveCfg = DebugManaged|Win32
		{CB385198-50B1-4CF4-883B-11F042DED6AA}.DebugUD|Any CPU.ActiveCfg = Release|x64
		{CB385198-50B1-4CF4-883B-11F042DED6AA}.DebugUD|Any CPU.Build.0 = Release|x64
		{CB385198-50B1-4CF4-883B-11F042DED6AA}.DebugUD|Win32.ActiveCfg = Debug|Win32
		{CB385198-50B1-4CF4-883B-11F042DED6AA}.DebugUD|Win32.Build.0 = Debug|Win32
		{CB385198-50B1-4CF4-883B-11F042DED6AA}.DebugUD|x64.ActiveCfg = Debug|x64
		{CB385198-50B1-4CF4-883B-11F042DED6AA}.DebugUD|x64.Build.0 = Debug|x64
		{CB385198-50B1-4CF4-883B-11F042DED6AA}.DebugUD|x86.ActiveCfg = DebugManaged|Win32
		{CB385198-50B1-4CF4-883B-11F042DED6AA}.DebugUS|Any CPU.ActiveCfg = Release|x64
		{CB385198-50B1-4CF4-883B-11F042DED6AA}.DebugUS|Any CPU.Build.0 = Release|x64
		{CB385198-50B1-4CF4-883B-11F042DED6AA}.DebugUS|Win32.ActiveCfg = Debug|Win32
		{CB385198-50B1-4CF4-883B-11F042DED6AA}.DebugUS|Win32.Build.0 = Debug|Win32
		{CB385198-50B1-4CF4-883B-11F042DED6AA}.DebugUS|x64.ActiveCfg = Debug|x64
		{CB385198-50B1-4CF4-883B-11F042DED6AA}.DebugUS|x64.Build.0 = Debug|x64
		{CB385198-50B1-4CF4-883B-11F042DED6AA}.DebugUS|x86.ActiveCfg = DebugManaged|Win32
		{CB385198-50B1-4CF4-883B-11F042DED6AA}.Release|Any CPU.ActiveCfg = Release|Win32
		{CB385198-50B1-4CF4-883B-11F042DED6AA}.Release|Win32.ActiveCfg = Release|Win32
		{CB385198-50B1-4CF4-883B-11F042DED6AA}.Release|Win32.Build.0 = Release|Win32
		{CB385198-50B1-4CF4-883B-11F042DED6AA}.Release|x64.ActiveCfg = Release|x64
		{CB385198-50B1-4CF4-883B-11F042DED6AA}.Release|x64.Build.0 = Release|x64
		{CB385198-50B1-4CF4-883B-11F042DED6AA}.Release|x86.ActiveCfg = Release|Win32
		{CB385198-50B1-4CF4-883B-11F042DED6AA}.Release|x86.Build.0 = Release|Win32
		{CB385198-50B1-4CF4-883B-11F042DED6AA}.ReleaseAD|Any CPU.ActiveCfg = Release|x64
		{CB385198-50B1-4CF4-883B-11F042DED6AA}.ReleaseAD|Any CPU.Build.0 = Release|x64
		{CB385198-50B1-4CF4-883B-11F042DED6AA}.ReleaseAD|Win32.ActiveCfg = Release|Win32
		{CB385198-50B1-4CF4-883B-11F042DED6AA}.ReleaseAD|Win32.Build.0 = Release|Win32
		{CB385198-50B1-4CF4-883B-11F042DED6AA}.ReleaseAD|x64.ActiveCfg = Release|x64
		{CB385198-50B1-4CF4-883B-11F042DED6AA}.ReleaseAD|x64.Build.0 = Release|x64
		{CB385198-50B1-4CF4-883B-11F042DED6AA}.ReleaseAD|x86.ActiveCfg = ReleaseManaged|Win32
		{CB385198-50B1-4CF4-883B-11F042DED6AA}.ReleaseAD|x86.Build.0 = ReleaseManaged|Win32
		{CB385198-50B1-4CF4-883B-11F042DED6AA}.ReleaseAS|Any CPU.ActiveCfg = Release|x64
		{CB385198-50B1-4CF4-883B-11F042DED6AA}.ReleaseAS|Any CPU.Build.0 = Release|x64
		{CB385198-50B1-4CF4-883B-11F042DED6AA}.ReleaseAS|Win32.ActiveCfg = Release|Win32
		{CB385198-50B1-4CF4-883B-11F042DED6AA}.ReleaseAS|Win32.Build.0 = Release|Win32
		{CB385198-50B1-4CF4-883B-11F042DED6AA}.ReleaseAS|x64.ActiveCfg = Release|x64
		{CB385198-50B1-4CF4-883B-11F042DED6AA}.ReleaseAS|x64.Build.0 = Release|x64
		{CB385198-50B1-4CF4-883B-11F042DED6AA}.ReleaseAS|x86.ActiveCfg = ReleaseManaged|Win32
		{CB385198-50B1-4CF4-883B-11F042DED6AA}.ReleaseAS|x86.Build.0 = ReleaseManaged|Win32
		{CB385198-50B1-4CF4-883B-11F042DED6AA}.ReleaseManaged|Any CPU.ActiveCfg = ReleaseManaged|Win32
		{CB385198-50B1-4CF4-883B-11F042DED6AA}.ReleaseManaged|Win32.ActiveCfg = ReleaseManaged|Win32
		{CB385198-50B1-4CF4-883B-11F042DED6AA}.ReleaseManaged|x64.ActiveCfg = ReleaseManaged|x64
		{CB385198-50B1-4CF4-883B-11F042DED6AA}.ReleaseManaged|x86.ActiveCfg = ReleaseManaged|Win32
		{CB385198-50B1-4CF4-883B-11F042DED6AA}.ReleaseUD|Any CPU.ActiveCfg = Release|x64
		{CB385198-50B1-4CF4-883B-11F042DED6AA}.ReleaseUD|Any CPU.Build.0 = Release|x64
		{CB385198-50B1-4CF4-883B-11F042DED6AA}.ReleaseUD|Win32.ActiveCfg = Release|Win32
		{CB385198-50B1-4CF4-883B-11F042DED6AA}.ReleaseUD|Win32.Build.0 = Release|Win32
		{CB385198-50B1-4CF4-883B-11F042DED6AA}.ReleaseUD|x64.ActiveCfg = Release|x64
		{CB385198-50B1-4CF4-883B-11F042DED6AA}.ReleaseUD|x64.Build.0 = Release|x64
		{CB385198-50B1-4CF4-883B-11F042DED6AA}.ReleaseUD|x86.ActiveCfg = ReleaseManaged|Win32
		{CB385198-50B1-4CF4-883B-11F042DED6AA}.ReleaseUD|x86.Build.0 = ReleaseManaged|Win32
		{CB385198-50B1-4CF4-883B-11F042DED6AA}.ReleaseUS|Any CPU.ActiveCfg = Release|x64
		{CB385198-50B1-4CF4-883B-11F042DED6AA}.ReleaseUS|Any CPU.Build.0 = Release|x64
		{CB385198-50B1-4CF4-883B-11F042DED6AA}.ReleaseUS|Win32.ActiveCfg = Release|Win32
		{CB385198-50B1-4CF4-883B-11F042DED6AA}.ReleaseUS|Win32.Build.0 = Release|Win32
		{CB385198-50B1-4CF4-883B-11F042DED6AA}.ReleaseUS|x64.ActiveCfg = Release|x64
		{CB385198-50B1-4CF4-883B-11F042DED6AA}.ReleaseUS|x64.Build.0 = Release|x64
		{CB385198-50B1-4CF4-883B-11F042DED6AA}.ReleaseUS|x86.ActiveCfg = ReleaseManaged|Win32
		{AA561A7B-26EA-49AF-90E8-C53C1FA2965D}.Debug|Any CPU.ActiveCfg = Debug|Win32
		{AA561A7B-26EA-49AF-90E8-C53C1FA2965D}.Debug|Win32.ActiveCfg = Debug|Win32
		{AA561A7B-26EA-49AF-90E8-C53C1FA2965D}.Debug|Win32.Build.0 = Debug|Win32
		{AA561A7B-26EA-49AF-90E8-C53C1FA2965D}.Debug|x64.ActiveCfg = Debug|x64
		{AA561A7B-26EA-49AF-90E8-C53C1FA2965D}.Debug|x64.Build.0 = Debug|x64
		{AA561A7B-26EA-49AF-90E8-C53C1FA2965D}.Debug|x86.ActiveCfg = Debug|Win32
		{AA561A7B-26EA-49AF-90E8-C53C1FA2965D}.Debug|x86.Build.0 = Debug|Win32
		{AA561A7B-26EA-49AF-90E8-C53C1FA2965D}.DebugAD|Any CPU.ActiveCfg = Release|x64
		{AA561A7B-26EA-49AF-90E8-C53C1FA2965D}.DebugAD|Any CPU.Build.0 = Release|x64
		{AA561A7B-26EA-49AF-90E8-C53C1FA2965D}.DebugAD|Win32.ActiveCfg = Debug|Win32
		{AA561A7B-26EA-49AF-90E8-C53C1FA2965D}.DebugAD|Win32.Build.0 = Debug|Win32
		{AA561A7B-26EA-49AF-90E8-C53C1FA2965D}.DebugAD|x64.ActiveCfg = Debug|x64
		{AA561A7B-26EA-49AF-90E8-C53C1FA2965D}.DebugAD|x64.Build.0 = Debug|x64
		{AA561A7B-26EA-49AF-90E8-C53C1FA2965D}.DebugAD|x86.ActiveCfg = DebugManaged|Win32
		{AA561A7B-26EA-49AF-90E8-C53C1FA2965D}.DebugAS|Any CPU.ActiveCfg = Release|x64
		{AA561A7B-26EA-49AF-90E8-C53C1FA2965D}.DebugAS|Any CPU.Build.0 = Release|x64
		{AA561A7B-26EA-49AF-90E8-C53C1FA2965D}.DebugAS|Win32.ActiveCfg = Debug|Win32
		{AA561A7B-26EA-49AF-90E8-C53C1FA2965D}.DebugAS|Win32.Build.0 = Debug|Win32
		{AA561A7B-26EA-49AF-90E8-C53C1FA2965D}.DebugAS|x64.ActiveCfg = Debug|x64
		{AA561A7B-26EA-49AF-90E8-C53C1FA2965D}.DebugAS|x64.Build.0 = Debug|x64
		{AA561A7B-26EA-49AF-90E8-C53C1FA2965D}.DebugAS|x86.ActiveCfg = DebugManaged|Win32
		{AA561A7B-26EA-49AF-90E8-C53C1FA2965D}.DebugManaged|Any CPU.ActiveCfg = DebugManaged|Win32
		{AA561A7B-26EA-49AF-90E8-C53C1FA2965D}.DebugManaged|Win32.ActiveCfg = DebugManaged|Win32
		{AA561A7B-26EA-49AF-90E8-C53C1FA2965D}.DebugManaged|x64.ActiveCfg = DebugManaged|x64
		{AA561A7B-26EA-49AF-90E8-C53C1FA2965D}.DebugManaged|x86.ActiveCfg = DebugManaged|Win32
		{AA561A7B-26EA-49AF-90E8-C53C1FA2965D}.DebugUD|Any CPU.ActiveCfg = Release|x64
		{AA561A7B-26EA-49AF-90E8-C53C1FA2965D}.DebugUD|Any CPU.Build.0 = Release|x64
		{AA561A7B-26EA-49AF-90E8-C53C1FA2965D}.DebugUD|Win32.ActiveCfg = Debug|Win32
		{AA561A7B-26EA-49AF-90E8-C53C1FA2965D}.DebugUD|Win32.Build.0 = Debug|Win32
		{AA561A7B-26EA-49AF-90E8-C53C1FA2965D}.DebugUD|x64.ActiveCfg = Debug|x64
		{AA561A7B-26EA-49AF-90E8-C53C1FA2965D}.DebugUD|x64.Build.0 = Debug|x64
		{AA561A7B-26EA-49AF-90E8-C53C1FA2965D}.DebugUD|x86.ActiveCfg = DebugManaged|Win32
		{AA561A7B-26EA-49AF-90E8-C53C1FA2965D}.DebugUS|Any CPU.ActiveCfg = Release|x64
		{AA561A7B-26EA-49AF-90E8-C53C1FA2965D}.DebugUS|Any CPU.Build.0 = Release|x64
		{AA561A7B-26EA-49AF-90E8-C53C1FA2965D}.DebugUS|Win32.ActiveCfg = Debug|Win32
		{AA561A7B-26EA-49AF-90E8-C53C1FA2965D}.DebugUS|Win32.Build.0 = Debug|Win32
		{AA561A7B-26EA-49AF-90E8-C53C1FA2965D}.DebugUS|x64.ActiveCfg = Debug|x64
		{AA561A7B-26EA-49AF-90E8-C53C1FA2965D}.DebugUS|x64.Build.0 = Debug|x64
		{AA561A7B-26EA-49AF-90E8-C53C1FA2965D}.DebugUS|x86.ActiveCfg = DebugManaged|Win32
		{AA561A7B-26EA-49AF-90E8-C53C1FA2965D}.Release|Any CPU.ActiveCfg = Release|Win32
		{AA561A7B-26EA-49AF-90E8-C53C1FA2965D}.Release|Win32.ActiveCfg = Release|Win32
		{AA561A7B-26EA-49AF-90E8-C53C1FA2965D}.Release|Win32.Build.0 = Release|Win32
		{AA561A7B-26EA-49AF-90E8-C53C1FA2965D}.Release|x64.ActiveCfg = Release|x64
		{AA561A7B-26EA-49AF-90E8-C53C1FA2965D}.Release|x64.Build.0 = Release|x64
		{AA561A7B-26EA-49AF-90E8-C53C1FA2965D}.Release|x86.ActiveCfg = Release|Win32
		{AA561A7B-26EA-49AF-90E8-C53C1FA2965D}.Release|x86.Build.0 = Release|Win32
		{AA561A7B-26EA-49AF-90E8-C53C1FA2965D}.ReleaseAD|Any CPU.ActiveCfg = Release|x64
		{AA561A7B-26EA-49AF-90E8-C53C1FA2965D}.ReleaseAD|Any CPU.Build.0 = Release|x64
		{AA561A7B-26EA-49AF-90E8-C53C1FA2965D}.ReleaseAD|Win32.ActiveCfg = Release|Win32
		{AA561A7B-26EA-49AF-90E8-C53C1FA2965D}.ReleaseAD|Win32.Build.0 = Release|Win32
		{AA561A7B-26EA-49AF-90E8-C53C1FA2965D}.ReleaseAD|x64.ActiveCfg = Release|x64
		{AA561A7B-26EA-49AF-90E8-C53C1FA2965D}.ReleaseAD|x64.Build.0 = Release|x64
		{AA561A7B-26EA-49AF-90E8-C53C1FA2965D}.ReleaseAD|x86.ActiveCfg = ReleaseManaged|Win32
		{AA561A7B-26EA-49AF-90E8-C53C1FA2965D}.ReleaseAD|x86.Build.0 = ReleaseManaged|Win32
		{AA561A7B-26EA-49AF-90E8-C53C1FA2965D}.ReleaseAS|Any CPU.ActiveCfg = Release|x64
		{AA561A7B-26EA-49AF-90E8-C53C1FA2965D}.ReleaseAS|Any CPU.Build.0 = Release|x64
		{AA561A7B-26EA-49AF-90E8-C53C1FA2965D}.ReleaseAS|Win32.ActiveCfg = Release|Win32
		{AA561A7B-26EA-49AF-90E8-C53C1FA2965D}.ReleaseAS|Win32.Build.0 = Release|Win32
		{AA561A7B-26EA-49AF-90E8-C53C1FA2965D}.ReleaseAS|x64.ActiveCfg = Release|x64
		{AA561A7B-26EA-49AF-90E8-C53C1FA2965D}.ReleaseAS|x64.Build.0 = Release|x64
		{AA561A7B-26EA-49AF-90E8-C53C1FA2965D}.ReleaseAS|x86.ActiveCfg = ReleaseManaged|Win32
		{AA561A7B-26EA-49AF-90E8-C53C1FA2965D}.ReleaseAS|x86.Build.0 = ReleaseManaged|Win32
		{AA561A7B-26EA-49AF-90E8-C53C1FA2965D}.ReleaseManaged|Any CPU.ActiveCfg = ReleaseManaged|Win32
		{AA561A7B-26EA-49AF-90E8-C53C1FA2965D}.ReleaseManaged|Win32.ActiveCfg = ReleaseManaged|Win32
		{AA561A7B-26EA-49AF-90E8-C53C1FA2965D}.ReleaseManaged|x64.ActiveCfg = ReleaseManaged|x64
		{AA561A7B-26EA-49AF-90E8-C53C1FA2965D}.ReleaseManaged|x86.ActiveCfg = ReleaseManaged|Win32
		{AA561A7B-26EA-49AF-90E8-C53C1FA2965D}.ReleaseUD|Any CPU.ActiveCfg = Release|x64
		{AA561A7B-26EA-49AF-90E8-C53C1FA2965D}.ReleaseUD|Any CPU.Build.0 = Release|x64
		{AA561A7B-26EA-49AF-90E8-C53C1FA2965D}.ReleaseUD|Win32.ActiveCfg = Release|Win32
		{AA561A7B-26EA-49AF-90E8-C53C1FA2965D}.ReleaseUD|Win32.Build.0 = Release|Win32
		{AA561A7B-26EA-49AF-90E8-C53C1FA2965D}.ReleaseUD|x64.ActiveCfg = Release|x64
		{AA561A7B-26EA-49AF-90E8-C53C1FA2965D}.ReleaseUD|x64.Build.0 = Release|x64
		{AA561A7B-26EA-49AF-90E8-C53C1FA2965D}.ReleaseUD|x86.ActiveCfg = ReleaseManaged|Win32
		{AA561A7B-26EA-49AF-90E8-C53C1FA2965D}.ReleaseUD|x86.Build.0 = ReleaseManaged|Win32
		{AA561A7B-26EA-49AF-90E8-C53C1FA2965D}.ReleaseUS|Any CPU.ActiveCfg = Release|x64
		{AA561A7B-26EA-49AF-90E8-C53C1FA2965D}.ReleaseUS|Any CPU.Build.0 = Release|x64
		{AA561A7B-26EA-49AF-90E8-C53C1FA2965D}.ReleaseUS|Win32.ActiveCfg = Release|Win32
		{AA561A7B-26EA-49AF-90E8-C53C1FA2965D}.ReleaseUS|Win32.Build.0 = Release|Win32
		{AA561A7B-26EA-49AF-90E8-C53C1FA2965D}.ReleaseUS|x64.ActiveCfg = Release|x64
		{AA561A7B-26EA-49AF-90E8-C53C1FA2965D}.ReleaseUS|x64.Build.0 = Release|x64
		{AA561A7B-26EA-49AF-90E8-C53C1FA2965D}.ReleaseUS|x86.ActiveCfg = ReleaseManaged|Win32
		{A9585BF5-478C-4D70-AEB9-0FA3BD53BEFF}.Debug|Any CPU.ActiveCfg = Debug|Win32
		{A9585BF5-478C-4D70-AEB9-0FA3BD53BEFF}.Debug|Win32.ActiveCfg = Debug|Win32
		{A9585BF5-478C-4D70-AEB9-0FA3BD53BEFF}.Debug|Win32.Build.0 = Debug|Win32
		{A9585BF5-478C-4D70-AEB9-0FA3BD53BEFF}.Debug|x64.ActiveCfg = Debug|x64
		{A9585BF5-478C-4D70-AEB9-0FA3BD53BEFF}.Debug|x64.Build.0 = Debug|x64
		{A9585BF5-478C-4D70-AEB9-0FA3BD53BEFF}.Debug|x86.ActiveCfg = Debug|Win32
		{A9585BF5-478C-4D70-AEB9-0FA3BD53BEFF}.Debug|x86.Build.0 = Debug|Win32
		{A9585BF5-478C-4D70-AEB9-0FA3BD53BEFF}.DebugAD|Any CPU.ActiveCfg = Debug|Win32
		{A9585BF5-478C-4D70-AEB9-0FA3BD53BEFF}.DebugAD|Any CPU.Build.0 = Debug|Win32
		{A9585BF5-478C-4D70-AEB9-0FA3BD53BEFF}.DebugAD|Win32.ActiveCfg = Debug|Win32
		{A9585BF5-478C-4D70-AEB9-0FA3BD53BEFF}.DebugAD|Win32.Build.0 = Debug|Win32
		{A9585BF5-478C-4D70-AEB9-0FA3BD53BEFF}.DebugAD|x64.ActiveCfg = Debug|x64
		{A9585BF5-478C-4D70-AEB9-0FA3BD53BEFF}.DebugAD|x64.Build.0 = Debug|x64
		{A9585BF5-478C-4D70-AEB9-0FA3BD53BEFF}.DebugAD|x86.ActiveCfg = DebugManaged|Win32
		{A9585BF5-478C-4D70-AEB9-0FA3BD53BEFF}.DebugAS|Any CPU.ActiveCfg = Debug|Win32
		{A9585BF5-478C-4D70-AEB9-0FA3BD53BEFF}.DebugAS|Any CPU.Build.0 = Debug|Win32
		{A9585BF5-478C-4D70-AEB9-0FA3BD53BEFF}.DebugAS|Win32.ActiveCfg = Debug|Win32
		{A9585BF5-478C-4D70-AEB9-0FA3BD53BEFF}.DebugAS|Win32.Build.0 = Debug|Win32
		{A9585BF5-478C-4D70-AEB9-0FA3BD53BEFF}.DebugAS|x64.ActiveCfg = Debug|x64
		{A9585BF5-478C-4D70-AEB9-0FA3BD53BEFF}.DebugAS|x64.Build.0 = Debug|x64
		{A9585BF5-478C-4D70-AEB9-0FA3BD53BEFF}.DebugAS|x86.ActiveCfg = DebugManaged|Win32
		{A9585BF5-478C-4D70-AEB9-0FA3BD53BEFF}.DebugManaged|Any CPU.ActiveCfg = DebugManaged|Win32
		{A9585BF5-478C-4D70-AEB9-0FA3BD53BEFF}.DebugManaged|Win32.ActiveCfg = DebugManaged|Win32
		{A9585BF5-478C-4D70-AEB9-0FA3BD53BEFF}.DebugManaged|Win32.Build.0 = DebugManaged|Win32
		{A9585BF5-478C-4D70-AEB9-0FA3BD53BEFF}.DebugManaged|x64.ActiveCfg = DebugManaged|x64
		{A9585BF5-478C-4D70-AEB9-0FA3BD53BEFF}.DebugManaged|x64.Build.0 = DebugManaged|x64
		{A9585BF5-478C-4D70-AEB9-0FA3BD53BEFF}.DebugManaged|x86.ActiveCfg = DebugManaged|Win32
		{A9585BF5-478C-4D70-AEB9-0FA3BD53BEFF}.DebugManaged|x86.Build.0 = DebugManaged|Win32
		{A9585BF5-478C-4D70-AEB9-0FA3BD53BEFF}.DebugUD|Any CPU.ActiveCfg = Debug|Win32
		{A9585BF5-478C-4D70-AEB9-0FA3BD53BEFF}.DebugUD|Any CPU.Build.0 = Debug|Win32
		{A9585BF5-478C-4D70-AEB9-0FA3BD53BEFF}.DebugUD|Win32.ActiveCfg = Debug|Win32
		{A9585BF5-478C-4D70-AEB9-0FA3BD53BEFF}.DebugUD|Win32.Build.0 = Debug|Win32
		{A9585BF5-478C-4D70-AEB9-0FA3BD53BEFF}.DebugUD|x64.ActiveCfg = Debug|x64
		{A9585BF5-478C-4D70-AEB9-0FA3BD53BEFF}.DebugUD|x64.Build.0 = Debug|x64
		{A9585BF5-478C-4D70-AEB9-0FA3BD53BEFF}.DebugUD|x86.ActiveCfg = DebugManaged|Win32
		{A9585BF5-478C-4D70-AEB9-0FA3BD53BEFF}.DebugUS|Any CPU.ActiveCfg = Debug|Win32
		{A9585BF5-478C-4D70-AEB9-0FA3BD53BEFF}.DebugUS|Any CPU.Build.0 = Debug|Win32
		{A9585BF5-478C-4D70-AEB9-0FA3BD53BEFF}.DebugUS|Win32.ActiveCfg = Debug|Win32
		{A9585BF5-478C-4D70-AEB9-0FA3BD53BEFF}.DebugUS|Win32.Build.0 = Debug|Win32
		{A9585BF5-478C-4D70-AEB9-0FA3BD53BEFF}.DebugUS|x64.ActiveCfg = Debug|x64
		{A9585BF5-478C-4D70-AEB9-0FA3BD53BEFF}.DebugUS|x64.Build.0 = Debug|x64
		{A9585BF5-478C-4D70-AEB9-0FA3BD53BEFF}.DebugUS|x86.ActiveCfg = DebugManaged|Win32
		{A9585BF5-478C-4D70-AEB9-0FA3BD53BEFF}.Release|Any CPU.ActiveCfg = Release|Win32
		{A9585BF5-478C-4D70-AEB9-0FA3BD53BEFF}.Release|Win32.ActiveCfg = Release|Win32
		{A9585BF5-478C-4D70-AEB9-0FA3BD53BEFF}.Release|Win32.Build.0 = Release|Win32
		{A9585BF5-478C-4D70-AEB9-0FA3BD53BEFF}.Release|x64.ActiveCfg = Release|x64
		{A9585BF5-478C-4D70-AEB9-0FA3BD53BEFF}.Release|x64.Build.0 = Release|x64
		{A9585BF5-478C-4D70-AEB9-0FA3BD53BEFF}.Release|x86.ActiveCfg = Release|Win32
		{A9585BF5-478C-4D70-AEB9-0FA3BD53BEFF}.Release|x86.Build.0 = Release|Win32
		{A9585BF5-478C-4D70-AEB9-0FA3BD53BEFF}.ReleaseAD|Any CPU.ActiveCfg = Debug|Win32
		{A9585BF5-478C-4D70-AEB9-0FA3BD53BEFF}.ReleaseAD|Any CPU.Build.0 = Debug|Win32
		{A9585BF5-478C-4D70-AEB9-0FA3BD53BEFF}.ReleaseAD|Win32.ActiveCfg = Release|Win32
		{A9585BF5-478C-4D70-AEB9-0FA3BD53BEFF}.ReleaseAD|Win32.Build.0 = Release|Win32
		{A9585BF5-478C-4D70-AEB9-0FA3BD53BEFF}.ReleaseAD|x64.ActiveCfg = Release|x64
		{A9585BF5-478C-4D70-AEB9-0FA3BD53BEFF}.ReleaseAD|x64.Build.0 = Release|x64
		{A9585BF5-478C-4D70-AEB9-0FA3BD53BEFF}.ReleaseAD|x86.ActiveCfg = ReleaseManaged|Win32
		{A9585BF5-478C-4D70-AEB9-0FA3BD53BEFF}.ReleaseAD|x86.Build.0 = ReleaseManaged|Win32
		{A9585BF5-478C-4D70-AEB9-0FA3BD53BEFF}.ReleaseAS|Any CPU.ActiveCfg = Debug|Win32
		{A9585BF5-478C-4D70-AEB9-0FA3BD53BEFF}.ReleaseAS|Any CPU.Build.0 = Debug|Win32
		{A9585BF5-478C-4D70-AEB9-0FA3BD53BEFF}.ReleaseAS|Win32.ActiveCfg = Release|Win32
		{A9585BF5-478C-4D70-AEB9-0FA3BD53BEFF}.ReleaseAS|Win32.Build.0 = Release|Win32
		{A9585BF5-478C-4D70-AEB9-0FA3BD53BEFF}.ReleaseAS|x64.ActiveCfg = Release|x64
		{A9585BF5-478C-4D70-AEB9-0FA3BD53BEFF}.ReleaseAS|x64.Build.0 = Release|x64
		{A9585BF5-478C-4D70-AEB9-0FA3BD53BEFF}.ReleaseAS|x86.ActiveCfg = ReleaseManaged|Win32
		{A9585BF5-478C-4D70-AEB9-0FA3BD53BEFF}.ReleaseAS|x86.Build.0 = ReleaseManaged|Win32
		{A9585BF5-478C-4D70-AEB9-0FA3BD53BEFF}.ReleaseManaged|Any CPU.ActiveCfg = ReleaseManaged|Win32
		{A9585BF5-478C-4D70-AEB9-0FA3BD53BEFF}.ReleaseManaged|Win32.ActiveCfg = ReleaseManaged|Win32
		{A9585BF5-478C-4D70-AEB9-0FA3BD53BEFF}.ReleaseManaged|Win32.Build.0 = ReleaseManaged|Win32
		{A9585BF5-478C-4D70-AEB9-0FA3BD53BEFF}.ReleaseManaged|x64.ActiveCfg = ReleaseManaged|x64
		{A9585BF5-478C-4D70-AEB9-0FA3BD53BEFF}.ReleaseManaged|x64.Build.0 = ReleaseManaged|x64
		{A9585BF5-478C-4D70-AEB9-0FA3BD53BEFF}.ReleaseManaged|x86.ActiveCfg = ReleaseManaged|Win32
		{A9585BF5-478C-4D70-AEB9-0FA3BD53BEFF}.ReleaseManaged|x86.Build.0 = ReleaseManaged|Win32
		{A9585BF5-478C-4D70-AEB9-0FA3BD53BEFF}.ReleaseUD|Any CPU.ActiveCfg = Debug|Win32
		{A9585BF5-478C-4D70-AEB9-0FA3BD53BEFF}.ReleaseUD|Any CPU.Build.0 = Debug|Win32
		{A9585BF5-478C-4D70-AEB9-0FA3BD53BEFF}.ReleaseUD|Win32.ActiveCfg = Release|Win32
		{A9585BF5-478C-4D70-AEB9-0FA3BD53BEFF}.ReleaseUD|Win32.Build.0 = Release|Win32
		{A9585BF5-478C-4D70-AEB9-0FA3BD53BEFF}.ReleaseUD|x64.ActiveCfg = Release|x64
		{A9585BF5-478C-4D70-AEB9-0FA3BD53BEFF}.ReleaseUD|x64.Build.0 = Release|x64
		{A9585BF5-478C-4D70-AEB9-0FA3BD53BEFF}.ReleaseUD|x86.ActiveCfg = ReleaseManaged|Win32
		{A9585BF5-478C-4D70-AEB9-0FA3BD53BEFF}.ReleaseUD|x86.Build.0 = ReleaseManaged|Win32
		{A9585BF5-478C-4D70-AEB9-0FA3BD53BEFF}.ReleaseUS|Any CPU.ActiveCfg = Debug|Win32
		{A9585BF5-478C-4D70-AEB9-0FA3BD53BEFF}.ReleaseUS|Any CPU.Build.0 = Debug|Win32
		{A9585BF5-478C-4D70-AEB9-0FA3BD53BEFF}.ReleaseUS|Win32.ActiveCfg = Release|Win32
		{A9585BF5-478C-4D70-AEB9-0FA3BD53BEFF}.ReleaseUS|Win32.Build.0 = Release|Win32
		{A9585BF5-478C-4D70-AEB9-0FA3BD53BEFF}.ReleaseUS|x64.ActiveCfg = Release|x64
		{A9585BF5-478C-4D70-AEB9-0FA3BD53BEFF}.ReleaseUS|x64.Build.0 = Release|x64
		{A9585BF5-478C-4D70-AEB9-0FA3BD53BEFF}.ReleaseUS|x86.ActiveCfg = ReleaseManaged|Win32
		{3CB6DA14-024D-473A-AD34-039D36BCDB14}.Debug|Any CPU.ActiveCfg = Debug|Any CPU
		{3CB6DA14-024D-473A-AD34-039D36BCDB14}.Debug|Any CPU.Build.0 = Debug|Any CPU
		{3CB6DA14-024D-473A-AD34-039D36BCDB14}.Debug|Win32.ActiveCfg = Debug|x86
		{3CB6DA14-024D-473A-AD34-039D36BCDB14}.Debug|Win32.Build.0 = Debug|x86
		{3CB6DA14-024D-473A-AD34-039D36BCDB14}.Debug|x64.ActiveCfg = Debug|Any CPU
		{3CB6DA14-024D-473A-AD34-039D36BCDB14}.Debug|x64.Build.0 = Debug|Any CPU
		{3CB6DA14-024D-473A-AD34-039D36BCDB14}.Debug|x86.ActiveCfg = Debug|x86
		{3CB6DA14-024D-473A-AD34-039D36BCDB14}.Debug|x86.Build.0 = Debug|x86
		{3CB6DA14-024D-473A-AD34-039D36BCDB14}.DebugAD|Any CPU.ActiveCfg = Debug|Any CPU
		{3CB6DA14-024D-473A-AD34-039D36BCDB14}.DebugAD|Any CPU.Build.0 = Debug|Any CPU
		{3CB6DA14-024D-473A-AD34-039D36BCDB14}.DebugAD|Win32.ActiveCfg = Debug|Any CPU
		{3CB6DA14-024D-473A-AD34-039D36BCDB14}.DebugAD|Win32.Build.0 = Debug|Any CPU
		{3CB6DA14-024D-473A-AD34-039D36BCDB14}.DebugAD|x64.ActiveCfg = Debug|Any CPU
		{3CB6DA14-024D-473A-AD34-039D36BCDB14}.DebugAD|x64.Build.0 = Debug|Any CPU
		{3CB6DA14-024D-473A-AD34-039D36BCDB14}.DebugAD|x86.ActiveCfg = DebugManaged|x86
		{3CB6DA14-024D-473A-AD34-039D36BCDB14}.DebugAS|Any CPU.ActiveCfg = Debug|Any CPU
		{3CB6DA14-024D-473A-AD34-039D36BCDB14}.DebugAS|Any CPU.Build.0 = Debug|Any CPU
		{3CB6DA14-024D-473A-AD34-039D36BCDB14}.DebugAS|Win32.ActiveCfg = Debug|Any CPU
		{3CB6DA14-024D-473A-AD34-039D36BCDB14}.DebugAS|Win32.Build.0 = Debug|Any CPU
		{3CB6DA14-024D-473A-AD34-039D36BCDB14}.DebugAS|x64.ActiveCfg = Debug|Any CPU
		{3CB6DA14-024D-473A-AD34-039D36BCDB14}.DebugAS|x64.Build.0 = Debug|Any CPU
		{3CB6DA14-024D-473A-AD34-039D36BCDB14}.DebugAS|x86.ActiveCfg = DebugManaged|x86
		{3CB6DA14-024D-473A-AD34-039D36BCDB14}.DebugManaged|Any CPU.ActiveCfg = DebugManaged|x86
		{3CB6DA14-024D-473A-AD34-039D36BCDB14}.DebugManaged|Any CPU.Build.0 = DebugManaged|x86
		{3CB6DA14-024D-473A-AD34-039D36BCDB14}.DebugManaged|Win32.ActiveCfg = DebugManaged|x86
		{3CB6DA14-024D-473A-AD34-039D36BCDB14}.DebugManaged|Win32.Build.0 = DebugManaged|x86
		{3CB6DA14-024D-473A-AD34-039D36BCDB14}.DebugManaged|x64.ActiveCfg = DebugManaged|x64
		{3CB6DA14-024D-473A-AD34-039D36BCDB14}.DebugManaged|x64.Build.0 = DebugManaged|x64
		{3CB6DA14-024D-473A-AD34-039D36BCDB14}.DebugManaged|x86.ActiveCfg = DebugManaged|x86
		{3CB6DA14-024D-473A-AD34-039D36BCDB14}.DebugManaged|x86.Build.0 = DebugManaged|x86
		{3CB6DA14-024D-473A-AD34-039D36BCDB14}.DebugUD|Any CPU.ActiveCfg = Debug|Any CPU
		{3CB6DA14-024D-473A-AD34-039D36BCDB14}.DebugUD|Any CPU.Build.0 = Debug|Any CPU
		{3CB6DA14-024D-473A-AD34-039D36BCDB14}.DebugUD|Win32.ActiveCfg = Debug|Any CPU
		{3CB6DA14-024D-473A-AD34-039D36BCDB14}.DebugUD|Win32.Build.0 = Debug|Any CPU
		{3CB6DA14-024D-473A-AD34-039D36BCDB14}.DebugUD|x64.ActiveCfg = Debug|Any CPU
		{3CB6DA14-024D-473A-AD34-039D36BCDB14}.DebugUD|x64.Build.0 = Debug|Any CPU
		{3CB6DA14-024D-473A-AD34-039D36BCDB14}.DebugUD|x86.ActiveCfg = DebugManaged|x86
		{3CB6DA14-024D-473A-AD34-039D36BCDB14}.DebugUS|Any CPU.ActiveCfg = Debug|Any CPU
		{3CB6DA14-024D-473A-AD34-039D36BCDB14}.DebugUS|Any CPU.Build.0 = Debug|Any CPU
		{3CB6DA14-024D-473A-AD34-039D36BCDB14}.DebugUS|Win32.ActiveCfg = Debug|Any CPU
		{3CB6DA14-024D-473A-AD34-039D36BCDB14}.DebugUS|Win32.Build.0 = Debug|Any CPU
		{3CB6DA14-024D-473A-AD34-039D36BCDB14}.DebugUS|x64.ActiveCfg = Debug|Any CPU
		{3CB6DA14-024D-473A-AD34-039D36BCDB14}.DebugUS|x64.Build.0 = Debug|Any CPU
		{3CB6DA14-024D-473A-AD34-039D36BCDB14}.DebugUS|x86.ActiveCfg = DebugManaged|x86
		{3CB6DA14-024D-473A-AD34-039D36BCDB14}.Release|Any CPU.ActiveCfg = Release|Any CPU
		{3CB6DA14-024D-473A-AD34-039D36BCDB14}.Release|Any CPU.Build.0 = Release|Any CPU
		{3CB6DA14-024D-473A-AD34-039D36BCDB14}.Release|Win32.ActiveCfg = Release|Any CPU
		{3CB6DA14-024D-473A-AD34-039D36BCDB14}.Release|Win32.Build.0 = Release|Any CPU
		{3CB6DA14-024D-473A-AD34-039D36BCDB14}.Release|x64.ActiveCfg = Release|Any CPU
		{3CB6DA14-024D-473A-AD34-039D36BCDB14}.Release|x64.Build.0 = Release|Any CPU
		{3CB6DA14-024D-473A-AD34-039D36BCDB14}.Release|x86.ActiveCfg = Release|x86
		{3CB6DA14-024D-473A-AD34-039D36BCDB14}.Release|x86.Build.0 = Release|x86
		{3CB6DA14-024D-473A-AD34-039D36BCDB14}.ReleaseAD|Any CPU.ActiveCfg = Release|Any CPU
		{3CB6DA14-024D-473A-AD34-039D36BCDB14}.ReleaseAD|Any CPU.Build.0 = Release|Any CPU
		{3CB6DA14-024D-473A-AD34-039D36BCDB14}.ReleaseAD|Win32.ActiveCfg = Release|Any CPU
		{3CB6DA14-024D-473A-AD34-039D36BCDB14}.ReleaseAD|Win32.Build.0 = Release|Any CPU
		{3CB6DA14-024D-473A-AD34-039D36BCDB14}.ReleaseAD|x64.ActiveCfg = Release|Any CPU
		{3CB6DA14-024D-473A-AD34-039D36BCDB14}.ReleaseAD|x64.Build.0 = Release|Any CPU
		{3CB6DA14-024D-473A-AD34-039D36BCDB14}.ReleaseAD|x86.ActiveCfg = ReleaseManaged|x86
		{3CB6DA14-024D-473A-AD34-039D36BCDB14}.ReleaseAD|x86.Build.0 = ReleaseManaged|x86
		{3CB6DA14-024D-473A-AD34-039D36BCDB14}.ReleaseAS|Any CPU.ActiveCfg = Release|Any CPU
		{3CB6DA14-024D-473A-AD34-039D36BCDB14}.ReleaseAS|Any CPU.Build.0 = Release|Any CPU
		{3CB6DA14-024D-473A-AD34-039D36BCDB14}.ReleaseAS|Win32.ActiveCfg = Release|Any CPU
		{3CB6DA14-024D-473A-AD34-039D36BCDB14}.ReleaseAS|Win32.Build.0 = Release|Any CPU
		{3CB6DA14-024D-473A-AD34-039D36BCDB14}.ReleaseAS|x64.ActiveCfg = Release|Any CPU
		{3CB6DA14-024D-473A-AD34-039D36BCDB14}.ReleaseAS|x64.Build.0 = Release|Any CPU
		{3CB6DA14-024D-473A-AD34-039D36BCDB14}.ReleaseAS|x86.ActiveCfg = ReleaseManaged|x86
		{3CB6DA14-024D-473A-AD34-039D36BCDB14}.ReleaseAS|x86.Build.0 = ReleaseManaged|x86
		{3CB6DA14-024D-473A-AD34-039D36BCDB14}.ReleaseManaged|Any CPU.ActiveCfg = ReleaseManaged|Any CPU
		{3CB6DA14-024D-473A-AD34-039D36BCDB14}.ReleaseManaged|Any CPU.Build.0 = ReleaseManaged|Any CPU
		{3CB6DA14-024D-473A-AD34-039D36BCDB14}.ReleaseManaged|Win32.ActiveCfg = ReleaseManaged|x86
		{3CB6DA14-024D-473A-AD34-039D36BCDB14}.ReleaseManaged|Win32.Build.0 = ReleaseManaged|x86
		{3CB6DA14-024D-473A-AD34-039D36BCDB14}.ReleaseManaged|x64.ActiveCfg = ReleaseManaged|x64
		{3CB6DA14-024D-473A-AD34-039D36BCDB14}.ReleaseManaged|x64.Build.0 = ReleaseManaged|x64
		{3CB6DA14-024D-473A-AD34-039D36BCDB14}.ReleaseManaged|x86.ActiveCfg = ReleaseManaged|x86
		{3CB6DA14-024D-473A-AD34-039D36BCDB14}.ReleaseManaged|x86.Build.0 = ReleaseManaged|x86
		{3CB6DA14-024D-473A-AD34-039D36BCDB14}.ReleaseUD|Any CPU.ActiveCfg = Release|Any CPU
		{3CB6DA14-024D-473A-AD34-039D36BCDB14}.ReleaseUD|Any CPU.Build.0 = Release|Any CPU
		{3CB6DA14-024D-473A-AD34-039D36BCDB14}.ReleaseUD|Win32.ActiveCfg = Release|Any CPU
		{3CB6DA14-024D-473A-AD34-039D36BCDB14}.ReleaseUD|Win32.Build.0 = Release|Any CPU
		{3CB6DA14-024D-473A-AD34-039D36BCDB14}.ReleaseUD|x64.ActiveCfg = Release|Any CPU
		{3CB6DA14-024D-473A-AD34-039D36BCDB14}.ReleaseUD|x64.Build.0 = Release|Any CPU
		{3CB6DA14-024D-473A-AD34-039D36BCDB14}.ReleaseUD|x86.ActiveCfg = ReleaseManaged|x86
		{3CB6DA14-024D-473A-AD34-039D36BCDB14}.ReleaseUD|x86.Build.0 = ReleaseManaged|x86
		{3CB6DA14-024D-473A-AD34-039D36BCDB14}.ReleaseUS|Any CPU.ActiveCfg = Release|Any CPU
		{3CB6DA14-024D-473A-AD34-039D36BCDB14}.ReleaseUS|Any CPU.Build.0 = Release|Any CPU
		{3CB6DA14-024D-473A-AD34-039D36BCDB14}.ReleaseUS|Win32.ActiveCfg = Release|Any CPU
		{3CB6DA14-024D-473A-AD34-039D36BCDB14}.ReleaseUS|Win32.Build.0 = Release|Any CPU
		{3CB6DA14-024D-473A-AD34-039D36BCDB14}.ReleaseUS|x64.ActiveCfg = Release|Any CPU
		{3CB6DA14-024D-473A-AD34-039D36BCDB14}.ReleaseUS|x64.Build.0 = Release|Any CPU
		{3CB6DA14-024D-473A-AD34-039D36BCDB14}.ReleaseUS|x86.ActiveCfg = ReleaseManaged|x86
	EndGlobalSection
	GlobalSection(SolutionProperties) = preSolution
		HideSolutionNode = FALSE
	EndGlobalSection
	GlobalSection(ExtensibilityGlobals) = postSolution
		SolutionGuid = {04583FA5-D423-4B0D-A42B-F7D44C70991C}
	EndGlobalSection
EndGlobal
